
Microsoft Visual Studio Solution File, Format Version 12.00
# Visual Studio Version 17
VisualStudioVersion = 17.2.32616.157
MinimumVisualStudioVersion = 10.0.40219.1
Project("{FAE04EC0-301F-11D3-BF4B-00C04F79EFBC}") = "WebServer", "WebServer\WebServer.csproj", "{BB753F5E-E45A-43D6-843B-0EC5A3C13F40}"
EndProject
Global
	GlobalSection(SolutionConfigurationPlatforms) = preSolution
		Debug|Any CPU = Debug|Any CPU
		Release|Any CPU = Release|Any CPU
	EndGlobalSection
	GlobalSection(ProjectConfigurationPlatforms) = postSolution
		{BB753F5E-E45A-43D6-843B-0EC5A3C13F40}.Debug|Any CPU.ActiveCfg = Debug|Any CPU
		{BB753F5E-E45A-43D6-843B-0EC5A3C13F40}.Debug|Any CPU.Build.0 = Debug|Any CPU
		{BB753F5E-E45A-43D6-843B-0EC5A3C13F40}.Release|Any CPU.ActiveCfg = Release|Any CPU
		{BB753F5E-E45A-43D6-843B-0EC5A3C13F40}.Release|Any CPU.Build.0 = Release|Any CPU
	EndGlobalSection
	GlobalSection(SolutionProperties) = preSolution
		HideSolutionNode = FALSE
	EndGlobalSection
	GlobalSection(ExtensibilityGlobals) = postSolution
		SolutionGuid = {47E9629D-BC39-4B89-BC81-111A23F8A201}
	EndGlobalSection
EndGlobal
